// !$*UTF8*$!
{
	archiveVersion = 1;
	classes = {
	};
	objectVersion = 50;
	objects = {

/* Begin PBXBuildFile section */
		06BD5B9D22B3DF5900F237CE /* AppDelegate.swift in Sources */ = {isa = PBXBuildFile; fileRef = 06BD5B9C22B3DF5900F237CE /* AppDelegate.swift */; };
		06BD5B9F22B3DF5900F237CE /* ViewController.swift in Sources */ = {isa = PBXBuildFile; fileRef = 06BD5B9E22B3DF5900F237CE /* ViewController.swift */; };
		06BD5BA222B3DF5900F237CE /* Main.storyboard in Resources */ = {isa = PBXBuildFile; fileRef = 06BD5BA022B3DF5900F237CE /* Main.storyboard */; };
		06BD5BA422B3DF5900F237CE /* Assets.xcassets in Resources */ = {isa = PBXBuildFile; fileRef = 06BD5BA322B3DF5900F237CE /* Assets.xcassets */; };
		06BD5BA722B3DF5900F237CE /* LaunchScreen.storyboard in Resources */ = {isa = PBXBuildFile; fileRef = 06BD5BA522B3DF5900F237CE /* LaunchScreen.storyboard */; };
		06BD5BB122B3F22400F237CE /* ConnectColumn.swift in Sources */ = {isa = PBXBuildFile; fileRef = 06BD5BB022B3F22400F237CE /* ConnectColumn.swift */; };
		06BD5BB322B7CCC800F237CE /* BoardData.swift in Sources */ = {isa = PBXBuildFile; fileRef = 06BD5BB222B7CCC800F237CE /* BoardData.swift */; };
		06BD5BB722B7DE8C00F237CE /* Player.swift in Sources */ = {isa = PBXBuildFile; fileRef = 06BD5BB622B7DE8C00F237CE /* Player.swift */; };
		06BD5BB922B80E4D00F237CE /* PaddingLabel.swift in Sources */ = {isa = PBXBuildFile; fileRef = 06BD5BB822B80E4D00F237CE /* PaddingLabel.swift */; };
		06BD5C3122BAA73C00F237CE /* Weather.swift in Sources */ = {isa = PBXBuildFile; fileRef = 06BD5C3022BAA73C00F237CE /* Weather.swift */; };
		06BD5C3522BBC3F800F237CE /* ConnectService.swift in Sources */ = {isa = PBXBuildFile; fileRef = 06BD5C3422BBC3F800F237CE /* ConnectService.swift */; };
		06BD5C3722BD20A300F237CE /* pictures.xcassets in Resources */ = {isa = PBXBuildFile; fileRef = 06BD5C3622BD20A300F237CE /* pictures.xcassets */; };
/* End PBXBuildFile section */

/* Begin PBXFileReference section */
		06BD5B9922B3DF5900F237CE /* ConnectFohre.app */ = {isa = PBXFileReference; explicitFileType = wrapper.application; includeInIndex = 0; path = ConnectFohre.app; sourceTree = BUILT_PRODUCTS_DIR; };
		06BD5B9C22B3DF5900F237CE /* AppDelegate.swift */ = {isa = PBXFileReference; lastKnownFileType = sourcecode.swift; path = AppDelegate.swift; sourceTree = "<group>"; };
		06BD5B9E22B3DF5900F237CE /* ViewController.swift */ = {isa = PBXFileReference; lastKnownFileType = sourcecode.swift; path = ViewController.swift; sourceTree = "<group>"; };
		06BD5BA122B3DF5900F237CE /* Base */ = {isa = PBXFileReference; lastKnownFileType = file.storyboard; name = Base; path = Base.lproj/Main.storyboard; sourceTree = "<group>"; };
		06BD5BA322B3DF5900F237CE /* Assets.xcassets */ = {isa = PBXFileReference; lastKnownFileType = folder.assetcatalog; path = Assets.xcassets; sourceTree = "<group>"; };
		06BD5BA622B3DF5900F237CE /* Base */ = {isa = PBXFileReference; lastKnownFileType = file.storyboard; name = Base; path = Base.lproj/LaunchScreen.storyboard; sourceTree = "<group>"; };
		06BD5BA822B3DF5900F237CE /* Info.plist */ = {isa = PBXFileReference; lastKnownFileType = text.plist.xml; path = Info.plist; sourceTree = "<group>"; };
		06BD5BB022B3F22400F237CE /* ConnectColumn.swift */ = {isa = PBXFileReference; lastKnownFileType = sourcecode.swift; path = ConnectColumn.swift; sourceTree = "<group>"; };
		06BD5BB222B7CCC800F237CE /* BoardData.swift */ = {isa = PBXFileReference; lastKnownFileType = sourcecode.swift; path = BoardData.swift; sourceTree = "<group>"; };
		06BD5BB622B7DE8C00F237CE /* Player.swift */ = {isa = PBXFileReference; lastKnownFileType = sourcecode.swift; path = Player.swift; sourceTree = "<group>"; };
		06BD5BB822B80E4D00F237CE /* PaddingLabel.swift */ = {isa = PBXFileReference; lastKnownFileType = sourcecode.swift; path = PaddingLabel.swift; sourceTree = "<group>"; };
		06BD5C3022BAA73C00F237CE /* Weather.swift */ = {isa = PBXFileReference; lastKnownFileType = sourcecode.swift; path = Weather.swift; sourceTree = "<group>"; };
		06BD5C3422BBC3F800F237CE /* ConnectService.swift */ = {isa = PBXFileReference; lastKnownFileType = sourcecode.swift; path = ConnectService.swift; sourceTree = "<group>"; };
		06BD5C3622BD20A300F237CE /* pictures.xcassets */ = {isa = PBXFileReference; lastKnownFileType = folder.assetcatalog; path = pictures.xcassets; sourceTree = "<group>"; };
/* End PBXFileReference section */

/* Begin PBXFrameworksBuildPhase section */
		06BD5B9622B3DF5800F237CE /* Frameworks */ = {
			isa = PBXFrameworksBuildPhase;
			buildActionMask = 2147483647;
			files = (
			);
			runOnlyForDeploymentPostprocessing = 0;
		};
/* End PBXFrameworksBuildPhase section */

/* Begin PBXGroup section */
		06BD5B9022B3DF5800F237CE = {
			isa = PBXGroup;
			children = (
				06BD5B9B22B3DF5900F237CE /* ConnectFohre */,
				06BD5B9A22B3DF5900F237CE /* Products */,
			);
			sourceTree = "<group>";
		};
		06BD5B9A22B3DF5900F237CE /* Products */ = {
			isa = PBXGroup;
			children = (
				06BD5B9922B3DF5900F237CE /* ConnectFohre.app */,
			);
			name = Products;
			sourceTree = "<group>";
		};
		06BD5B9B22B3DF5900F237CE /* ConnectFohre */ = {
			isa = PBXGroup;
			children = (
				06BD5C3422BBC3F800F237CE /* ConnectService.swift */,
				06BD5BB022B3F22400F237CE /* ConnectColumn.swift */,
				06BD5BB622B7DE8C00F237CE /* Player.swift */,
				06BD5BB222B7CCC800F237CE /* BoardData.swift */,
				06BD5B9C22B3DF5900F237CE /* AppDelegate.swift */,
				06BD5B9E22B3DF5900F237CE /* ViewController.swift */,
				06BD5C3022BAA73C00F237CE /* Weather.swift */,
				06BD5BB822B80E4D00F237CE /* PaddingLabel.swift */,
				06BD5BA022B3DF5900F237CE /* Main.storyboard */,
				06BD5BA322B3DF5900F237CE /* Assets.xcassets */,
				06BD5C3622BD20A300F237CE /* pictures.xcassets */,
				06BD5BA522B3DF5900F237CE /* LaunchScreen.storyboard */,
				06BD5BA822B3DF5900F237CE /* Info.plist */,
			);
			path = ConnectFohre;
			sourceTree = "<group>";
		};
/* End PBXGroup section */

/* Begin PBXNativeTarget section */
		06BD5B9822B3DF5800F237CE /* ConnectFohre */ = {
			isa = PBXNativeTarget;
			buildConfigurationList = 06BD5BAB22B3DF5900F237CE /* Build configuration list for PBXNativeTarget "ConnectFohre" */;
			buildPhases = (
				06BD5B9522B3DF5800F237CE /* Sources */,
				06BD5B9622B3DF5800F237CE /* Frameworks */,
				06BD5B9722B3DF5800F237CE /* Resources */,
			);
			buildRules = (
			);
			dependencies = (
			);
			name = ConnectFohre;
			productName = ConnectFohre;
			productReference = 06BD5B9922B3DF5900F237CE /* ConnectFohre.app */;
			productType = "com.apple.product-type.application";
		};
/* End PBXNativeTarget section */

/* Begin PBXProject section */
		06BD5B9122B3DF5800F237CE /* Project object */ = {
			isa = PBXProject;
			attributes = {
				LastSwiftUpdateCheck = 1020;
				LastUpgradeCheck = 1020;
				ORGANIZATIONNAME = joconnor;
				TargetAttributes = {
					06BD5B9822B3DF5800F237CE = {
						CreatedOnToolsVersion = 10.2.1;
					};
				};
			};
			buildConfigurationList = 06BD5B9422B3DF5800F237CE /* Build configuration list for PBXProject "ConnectFohre" */;
			compatibilityVersion = "Xcode 9.3";
			developmentRegion = en;
			hasScannedForEncodings = 0;
			knownRegions = (
				en,
				Base,
			);
			mainGroup = 06BD5B9022B3DF5800F237CE;
			productRefGroup = 06BD5B9A22B3DF5900F237CE /* Products */;
			projectDirPath = "";
			projectRoot = "";
			targets = (
				06BD5B9822B3DF5800F237CE /* ConnectFohre */,
			);
		};
/* End PBXProject section */

/* Begin PBXResourcesBuildPhase section */
		06BD5B9722B3DF5800F237CE /* Resources */ = {
			isa = PBXResourcesBuildPhase;
			buildActionMask = 2147483647;
			files = (
				06BD5C3722BD20A300F237CE /* pictures.xcassets in Resources */,
				06BD5BA722B3DF5900F237CE /* LaunchScreen.storyboard in Resources */,
				06BD5BA422B3DF5900F237CE /* Assets.xcassets in Resources */,
				06BD5BA222B3DF5900F237CE /* Main.storyboard in Resources */,
			);
			runOnlyForDeploymentPostprocessing = 0;
		};
/* End PBXResourcesBuildPhase section */

/* Begin PBXSourcesBuildPhase section */
		06BD5B9522B3DF5800F237CE /* Sources */ = {
			isa = PBXSourcesBuildPhase;
			buildActionMask = 2147483647;
			files = (
				06BD5BB922B80E4D00F237CE /* PaddingLabel.swift in Sources */,
				06BD5BB322B7CCC800F237CE /* BoardData.swift in Sources */,
				06BD5C3522BBC3F800F237CE /* ConnectService.swift in Sources */,
				06BD5B9F22B3DF5900F237CE /* ViewController.swift in Sources */,
				06BD5BB122B3F22400F237CE /* ConnectColumn.swift in Sources */,
				06BD5BB722B7DE8C00F237CE /* Player.swift in Sources */,
				06BD5B9D22B3DF5900F237CE /* AppDelegate.swift in Sources */,
				06BD5C3122BAA73C00F237CE /* Weather.swift in Sources */,
			);
			runOnlyForDeploymentPostprocessing = 0;
		};
/* End PBXSourcesBuildPhase section */

/* Begin PBXVariantGroup section */
		06BD5BA022B3DF5900F237CE /* Main.storyboard */ = {
			isa = PBXVariantGroup;
			children = (
				06BD5BA122B3DF5900F237CE /* Base */,
			);
			name = Main.storyboard;
			sourceTree = "<group>";
		};
		06BD5BA522B3DF5900F237CE /* LaunchScreen.storyboard */ = {
			isa = PBXVariantGroup;
			children = (
				06BD5BA622B3DF5900F237CE /* Base */,
			);
			name = LaunchScreen.storyboard;
			sourceTree = "<group>";
		};
/* End PBXVariantGroup section */

/* Begin XCBuildConfiguration section */
		06BD5BA922B3DF5900F237CE /* Debug */ = {
			isa = XCBuildConfiguration;
			buildSettings = {
				ALWAYS_SEARCH_USER_PATHS = NO;
				CLANG_ANALYZER_NONNULL = YES;
				CLANG_ANALYZER_NUMBER_OBJECT_CONVERSION = YES_AGGRESSIVE;
				CLANG_CXX_LANGUAGE_STANDARD = "gnu++14";
				CLANG_CXX_LIBRARY = "libc++";
				CLANG_ENABLE_MODULES = YES;
				CLANG_ENABLE_OBJC_ARC = YES;
				CLANG_ENABLE_OBJC_WEAK = YES;
				CLANG_WARN_BLOCK_CAPTURE_AUTORELEASING = YES;
				CLANG_WARN_BOOL_CONVERSION = YES;
				CLANG_WARN_COMMA = YES;
				CLANG_WARN_CONSTANT_CONVERSION = YES;
				CLANG_WARN_DEPRECATED_OBJC_IMPLEMENTATIONS = YES;
				CLANG_WARN_DIRECT_OBJC_ISA_USAGE = YES_ERROR;
				CLANG_WARN_DOCUMENTATION_COMMENTS = YES;
				CLANG_WARN_EMPTY_BODY = YES;
				CLANG_WARN_ENUM_CONVERSION = YES;
				CLANG_WARN_INFINITE_RECURSION = YES;
				CLANG_WARN_INT_CONVERSION = YES;
				CLANG_WARN_NON_LITERAL_NULL_CONVERSION = YES;
				CLANG_WARN_OBJC_IMPLICIT_RETAIN_SELF = YES;
				CLANG_WARN_OBJC_LITERAL_CONVERSION = YES;
				CLANG_WARN_OBJC_ROOT_CLASS = YES_ERROR;
				CLANG_WARN_RANGE_LOOP_ANALYSIS = YES;
				CLANG_WARN_STRICT_PROTOTYPES = YES;
				CLANG_WARN_SUSPICIOUS_MOVE = YES;
				CLANG_WARN_UNGUARDED_AVAILABILITY = YES_AGGRESSIVE;
				CLANG_WARN_UNREACHABLE_CODE = YES;
				CLANG_WARN__DUPLICATE_METHOD_MATCH = YES;
				CODE_SIGN_IDENTITY = "iPhone Developer";
				COPY_PHASE_STRIP = NO;
				DEBUG_INFORMATION_FORMAT = dwarf;
				ENABLE_STRICT_OBJC_MSGSEND = YES;
				ENABLE_TESTABILITY = YES;
				GCC_C_LANGUAGE_STANDARD = gnu11;
				GCC_DYNAMIC_NO_PIC = NO;
				GCC_NO_COMMON_BLOCKS = YES;
				GCC_OPTIMIZATION_LEVEL = 0;
				GCC_PREPROCESSOR_DEFINITIONS = (
					"DEBUG=1",
					"$(inherited)",
				);
				GCC_WARN_64_TO_32_BIT_CONVERSION = YES;
				GCC_WARN_ABOUT_RETURN_TYPE = YES_ERROR;
				GCC_WARN_UNDECLARED_SELECTOR = YES;
				GCC_WARN_UNINITIALIZED_AUTOS = YES_AGGRESSIVE;
				GCC_WARN_UNUSED_FUNCTION = YES;
				GCC_WARN_UNUSED_VARIABLE = YES;
				IPHONEOS_DEPLOYMENT_TARGET = 12.2;
				MTL_ENABLE_DEBUG_INFO = INCLUDE_SOURCE;
				MTL_FAST_MATH = YES;
				ONLY_ACTIVE_ARCH = YES;
				SDKROOT = iphoneos;
				SWIFT_ACTIVE_COMPILATION_CONDITIONS = DEBUG;
				SWIFT_OPTIMIZATION_LEVEL = "-Onone";
			};
			name = Debug;
		};
		06BD5BAA22B3DF5900F237CE /* Release */ = {
			isa = XCBuildConfiguration;
			buildSettings = {
				ALWAYS_SEARCH_USER_PATHS = NO;
				CLANG_ANALYZER_NONNULL = YES;
				CLANG_ANALYZER_NUMBER_OBJECT_CONVERSION = YES_AGGRESSIVE;
				CLANG_CXX_LANGUAGE_STANDARD = "gnu++14";
				CLANG_CXX_LIBRARY = "libc++";
				CLANG_ENABLE_MODULES = YES;
				CLANG_ENABLE_OBJC_ARC = YES;
				CLANG_ENABLE_OBJC_WEAK = YES;
				CLANG_WARN_BLOCK_CAPTURE_AUTORELEASING = YES;
				CLANG_WARN_BOOL_CONVERSION = YES;
				CLANG_WARN_COMMA = YES;
				CLANG_WARN_CONSTANT_CONVERSION = YES;
				CLANG_WARN_DEPRECATED_OBJC_IMPLEMENTATIONS = YES;
				CLANG_WARN_DIRECT_OBJC_ISA_USAGE = YES_ERROR;
				CLANG_WARN_DOCUMENTATION_COMMENTS = YES;
				CLANG_WARN_EMPTY_BODY = YES;
				CLANG_WARN_ENUM_CONVERSION = YES;
				CLANG_WARN_INFINITE_RECURSION = YES;
				CLANG_WARN_INT_CONVERSION = YES;
				CLANG_WARN_NON_LITERAL_NULL_CONVERSION = YES;
				CLANG_WARN_OBJC_IMPLICIT_RETAIN_SELF = YES;
				CLANG_WARN_OBJC_LITERAL_CONVERSION = YES;
				CLANG_WARN_OBJC_ROOT_CLASS = YES_ERROR;
				CLANG_WARN_RANGE_LOOP_ANALYSIS = YES;
				CLANG_WARN_STRICT_PROTOTYPES = YES;
				CLANG_WARN_SUSPICIOUS_MOVE = YES;
				CLANG_WARN_UNGUARDED_AVAILABILITY = YES_AGGRESSIVE;
				CLANG_WARN_UNREACHABLE_CODE = YES;
				CLANG_WARN__DUPLICATE_METHOD_MATCH = YES;
				CODE_SIGN_IDENTITY = "iPhone Developer";
				COPY_PHASE_STRIP = NO;
				DEBUG_INFORMATION_FORMAT = "dwarf-with-dsym";
				ENABLE_NS_ASSERTIONS = NO;
				ENABLE_STRICT_OBJC_MSGSEND = YES;
				GCC_C_LANGUAGE_STANDARD = gnu11;
				GCC_NO_COMMON_BLOCKS = YES;
				GCC_WARN_64_TO_32_BIT_CONVERSION = YES;
				GCC_WARN_ABOUT_RETURN_TYPE = YES_ERROR;
				GCC_WARN_UNDECLARED_SELECTOR = YES;
				GCC_WARN_UNINITIALIZED_AUTOS = YES_AGGRESSIVE;
				GCC_WARN_UNUSED_FUNCTION = YES;
				GCC_WARN_UNUSED_VARIABLE = YES;
				IPHONEOS_DEPLOYMENT_TARGET = 12.2;
				MTL_ENABLE_DEBUG_INFO = NO;
				MTL_FAST_MATH = YES;
				SDKROOT = iphoneos;
				SWIFT_COMPILATION_MODE = wholemodule;
				SWIFT_OPTIMIZATION_LEVEL = "-O";
				VALIDATE_PRODUCT = YES;
			};
			name = Release;
		};
		06BD5BAC22B3DF5900F237CE /* Debug */ = {
			isa = XCBuildConfiguration;
			buildSettings = {
				ASSETCATALOG_COMPILER_APPICON_NAME = AppIcon;
				CODE_SIGN_STYLE = Automatic;
				INFOPLIST_FILE = ConnectFohre/Info.plist;
				LD_RUNPATH_SEARCH_PATHS = (
					"$(inherited)",
					"@executable_path/Frameworks",
				);
				PRODUCT_BUNDLE_IDENTIFIER = com.rightpoint.ConnectFohre;
				PRODUCT_NAME = "$(TARGET_NAME)";
				SWIFT_VERSION = 5.0;
				TARGETED_DEVICE_FAMILY = "1,2";
			};
			name = Debug;
		};
		06BD5BAD22B3DF5900F237CE /* Release */ = {
			isa = XCBuildConfiguration;
			buildSettings = {
				ASSETCATALOG_COMPILER_APPICON_NAME = AppIcon;
				CODE_SIGN_STYLE = Automatic;
				INFOPLIST_FILE = ConnectFohre/Info.plist;
				LD_RUNPATH_SEARCH_PATHS = (
					"$(inherited)",
					"@executable_path/Frameworks",
				);
				PRODUCT_BUNDLE_IDENTIFIER = com.rightpoint.ConnectFohre;
				PRODUCT_NAME = "$(TARGET_NAME)";
				SWIFT_VERSION = 5.0;
				TARGETED_DEVICE_FAMILY = "1,2";
			};
			name = Release;
		};
/* End XCBuildConfiguration section */

/* Begin XCConfigurationList section */
		06BD5B9422B3DF5800F237CE /* Build configuration list for PBXProject "ConnectFohre" */ = {
			isa = XCConfigurationList;
			buildConfigurations = (
				06BD5BA922B3DF5900F237CE /* Debug */,
				06BD5BAA22B3DF5900F237CE /* Release */,
			);
			defaultConfigurationIsVisible = 0;
			defaultConfigurationName = Release;
		};
		06BD5BAB22B3DF5900F237CE /* Build configuration list for PBXNativeTarget "ConnectFohre" */ = {
			isa = XCConfigurationList;
			buildConfigurations = (
				06BD5BAC22B3DF5900F237CE /* Debug */,
				06BD5BAD22B3DF5900F237CE /* Release */,
			);
			defaultConfigurationIsVisible = 0;
			defaultConfigurationName = Release;
		};
/* End XCConfigurationList section */
	};
	rootObject = 06BD5B9122B3DF5800F237CE /* Project object */;
}
